
Microsoft Visual Studio Solution File, Format Version 12.00
# Visual Studio 15
VisualStudioVersion = 15.0.28307.779
MinimumVisualStudioVersion = 10.0.40219.1
Project("{FAE04EC0-301F-11D3-BF4B-00C04F79EFBC}") = "Wpf_2_Containers", "Wpf_2_Containers\Wpf_2_Containers.csproj", "{65FC1126-019A-49FA-9510-E04E65DB29D9}"
EndProject
Global
	GlobalSection(SolutionConfigurationPlatforms) = preSolution
		Debug|Any CPU = Debug|Any CPU
		Release|Any CPU = Release|Any CPU
	EndGlobalSection
	GlobalSection(ProjectConfigurationPlatforms) = postSolution
		{65FC1126-019A-49FA-9510-E04E65DB29D9}.Debug|Any CPU.ActiveCfg = Debug|Any CPU
		{65FC1126-019A-49FA-9510-E04E65DB29D9}.Debug|Any CPU.Build.0 = Debug|Any CPU
		{65FC1126-019A-49FA-9510-E04E65DB29D9}.Release|Any CPU.ActiveCfg = Release|Any CPU
		{65FC1126-019A-49FA-9510-E04E65DB29D9}.Release|Any CPU.Build.0 = Release|Any CPU
	EndGlobalSection
	GlobalSection(SolutionProperties) = preSolution
		HideSolutionNode = FALSE
	EndGlobalSection
	GlobalSection(ExtensibilityGlobals) = postSolution
		SolutionGuid = {6DBF7DD7-A587-4DF0-968F-1925119B6E0D}
	EndGlobalSection
EndGlobal
